
Microsoft Visual Studio Solution File, Format Version 12.00
# Visual Studio Version 17
VisualStudioVersion = 17.0.31903.59
MinimumVisualStudioVersion = 10.0.40219.1
Project("{2150E333-8FDC-42A3-9474-1A3956D46DE8}") = "src", "src", "{0D270AE9-6004-4205-9652-995AF25A0DA7}"
EndProject
Project("{FAE04EC0-301F-11D3-BF4B-00C04F79EFBC}") = "RestoPOS.Domain", "src\Domain\RestoPOS.Domain.csproj", "{E6436A6E-BC11-4B8B-866D-81D6E08487F2}"
EndProject
Project("{FAE04EC0-301F-11D3-BF4B-00C04F79EFBC}") = "RestoPOS.Application", "src\Application\RestoPOS.Application.csproj", "{D145E5B7-2341-48DA-A80D-B1B1C633EF5C}"
EndProject
Project("{FAE04EC0-301F-11D3-BF4B-00C04F79EFBC}") = "RestoPOS.Infrastructure", "src\Infrastructure\RestoPOS.Infrastructure.csproj", "{853BECA2-849F-4036-A458-7D14B892AD82}"
EndProject
Project("{FAE04EC0-301F-11D3-BF4B-00C04F79EFBC}") = "RestoPOS.API", "src\API\RestoPOS.API.csproj", "{7BFEF7FA-09B0-4D2F-AB5D-B3597B69E8F4}"
EndProject
Project("{2150E333-8FDC-42A3-9474-1A3956D46DE8}") = "tests", "tests", "{91CB94BA-A091-4451-A093-4BB630C67215}"
EndProject
Project("{FAE04EC0-301F-11D3-BF4B-00C04F79EFBC}") = "RestoPOS.Domain.Tests", "tests\RestoPOS.Domain.Tests\RestoPOS.Domain.Tests.csproj", "{7AE73A2E-F8E9-4AA8-98F2-8B0B229A527C}"
EndProject
Project("{FAE04EC0-301F-11D3-BF4B-00C04F79EFBC}") = "RestoPOS.Application.Tests", "tests\RestoPOS.Application.Tests\RestoPOS.Application.Tests.csproj", "{E53BC92D-F88D-48D3-AE2B-D6ADADF2533F}"
EndProject
Project("{FAE04EC0-301F-11D3-BF4B-00C04F79EFBC}") = "RestoPOS.API.Tests", "tests\RestoPOS.API.Tests\RestoPOS.API.Tests.csproj", "{60430312-4FAB-4043-8ED0-CCC49782164A}"
EndProject
Global
	GlobalSection(SolutionConfigurationPlatforms) = preSolution
		Debug|Any CPU = Debug|Any CPU
		Release|Any CPU = Release|Any CPU
	EndGlobalSection
	GlobalSection(SolutionProperties) = preSolution
		HideSolutionNode = FALSE
	EndGlobalSection
	GlobalSection(ProjectConfigurationPlatforms) = postSolution
		{E6436A6E-BC11-4B8B-866D-81D6E08487F2}.Debug|Any CPU.ActiveCfg = Debug|Any CPU
		{E6436A6E-BC11-4B8B-866D-81D6E08487F2}.Debug|Any CPU.Build.0 = Debug|Any CPU
		{E6436A6E-BC11-4B8B-866D-81D6E08487F2}.Release|Any CPU.ActiveCfg = Release|Any CPU
		{E6436A6E-BC11-4B8B-866D-81D6E08487F2}.Release|Any CPU.Build.0 = Release|Any CPU
		{D145E5B7-2341-48DA-A80D-B1B1C633EF5C}.Debug|Any CPU.ActiveCfg = Debug|Any CPU
		{D145E5B7-2341-48DA-A80D-B1B1C633EF5C}.Debug|Any CPU.Build.0 = Debug|Any CPU
		{D145E5B7-2341-48DA-A80D-B1B1C633EF5C}.Release|Any CPU.ActiveCfg = Release|Any CPU
		{D145E5B7-2341-48DA-A80D-B1B1C633EF5C}.Release|Any CPU.Build.0 = Release|Any CPU
		{853BECA2-849F-4036-A458-7D14B892AD82}.Debug|Any CPU.ActiveCfg = Debug|Any CPU
		{853BECA2-849F-4036-A458-7D14B892AD82}.Debug|Any CPU.Build.0 = Debug|Any CPU
		{853BECA2-849F-4036-A458-7D14B892AD82}.Release|Any CPU.ActiveCfg = Release|Any CPU
		{853BECA2-849F-4036-A458-7D14B892AD82}.Release|Any CPU.Build.0 = Release|Any CPU
		{7BFEF7FA-09B0-4D2F-AB5D-B3597B69E8F4}.Debug|Any CPU.ActiveCfg = Debug|Any CPU
		{7BFEF7FA-09B0-4D2F-AB5D-B3597B69E8F4}.Debug|Any CPU.Build.0 = Debug|Any CPU
		{7BFEF7FA-09B0-4D2F-AB5D-B3597B69E8F4}.Release|Any CPU.ActiveCfg = Release|Any CPU
		{7BFEF7FA-09B0-4D2F-AB5D-B3597B69E8F4}.Release|Any CPU.Build.0 = Release|Any CPU
		{7AE73A2E-F8E9-4AA8-98F2-8B0B229A527C}.Debug|Any CPU.ActiveCfg = Debug|Any CPU
		{7AE73A2E-F8E9-4AA8-98F2-8B0B229A527C}.Debug|Any CPU.Build.0 = Debug|Any CPU
		{7AE73A2E-F8E9-4AA8-98F2-8B0B229A527C}.Release|Any CPU.ActiveCfg = Release|Any CPU
		{7AE73A2E-F8E9-4AA8-98F2-8B0B229A527C}.Release|Any CPU.Build.0 = Release|Any CPU
		{E53BC92D-F88D-48D3-AE2B-D6ADADF2533F}.Debug|Any CPU.ActiveCfg = Debug|Any CPU
		{E53BC92D-F88D-48D3-AE2B-D6ADADF2533F}.Debug|Any CPU.Build.0 = Debug|Any CPU
		{E53BC92D-F88D-48D3-AE2B-D6ADADF2533F}.Release|Any CPU.ActiveCfg = Release|Any CPU
		{E53BC92D-F88D-48D3-AE2B-D6ADADF2533F}.Release|Any CPU.Build.0 = Release|Any CPU
		{60430312-4FAB-4043-8ED0-CCC49782164A}.Debug|Any CPU.ActiveCfg = Debug|Any CPU
		{60430312-4FAB-4043-8ED0-CCC49782164A}.Debug|Any CPU.Build.0 = Debug|Any CPU
		{60430312-4FAB-4043-8ED0-CCC49782164A}.Release|Any CPU.ActiveCfg = Release|Any CPU
		{60430312-4FAB-4043-8ED0-CCC49782164A}.Release|Any CPU.Build.0 = Release|Any CPU
	EndGlobalSection
	GlobalSection(NestedProjects) = preSolution
		{E6436A6E-BC11-4B8B-866D-81D6E08487F2} = {0D270AE9-6004-4205-9652-995AF25A0DA7}
		{D145E5B7-2341-48DA-A80D-B1B1C633EF5C} = {0D270AE9-6004-4205-9652-995AF25A0DA7}
		{853BECA2-849F-4036-A458-7D14B892AD82} = {0D270AE9-6004-4205-9652-995AF25A0DA7}
		{7BFEF7FA-09B0-4D2F-AB5D-B3597B69E8F4} = {0D270AE9-6004-4205-9652-995AF25A0DA7}
		{7AE73A2E-F8E9-4AA8-98F2-8B0B229A527C} = {91CB94BA-A091-4451-A093-4BB630C67215}
		{E53BC92D-F88D-48D3-AE2B-D6ADADF2533F} = {91CB94BA-A091-4451-A093-4BB630C67215}
		{60430312-4FAB-4043-8ED0-CCC49782164A} = {91CB94BA-A091-4451-A093-4BB630C67215}
	EndGlobalSection
EndGlobal
